
Microsoft Visual Studio Solution File, Format Version 12.00
# Visual Studio Version 17
VisualStudioVersion = 17.10.35122.118
MinimumVisualStudioVersion = 10.0.40219.1
Project("{FAE04EC0-301F-11D3-BF4B-00C04F79EFBC}") = "CS3280GroupProject", "CS3280GroupProject\CS3280GroupProject.csproj", "{67E9385C-C93E-4BAC-AA0A-84F3D9922596}"
EndProject
Global
	GlobalSection(SolutionConfigurationPlatforms) = preSolution
		Debug|Any CPU = Debug|Any CPU
		Release|Any CPU = Release|Any CPU
	EndGlobalSection
	GlobalSection(ProjectConfigurationPlatforms) = postSolution
		{67E9385C-C93E-4BAC-AA0A-84F3D9922596}.Debug|Any CPU.ActiveCfg = Debug|Any CPU
		{67E9385C-C93E-4BAC-AA0A-84F3D9922596}.Debug|Any CPU.Build.0 = Debug|Any CPU
		{67E9385C-C93E-4BAC-AA0A-84F3D9922596}.Release|Any CPU.ActiveCfg = Release|Any CPU
		{67E9385C-C93E-4BAC-AA0A-84F3D9922596}.Release|Any CPU.Build.0 = Release|Any CPU
	EndGlobalSection
	GlobalSection(SolutionProperties) = preSolution
		HideSolutionNode = FALSE
	EndGlobalSection
	GlobalSection(ExtensibilityGlobals) = postSolution
		SolutionGuid = {A6710A8B-98D6-474F-96A4-DA4B9FB71E73}
	EndGlobalSection
EndGlobal
